{
  "lockFileVersion": 24,
  "registryFileHashes": {
    "https://bcr.bazel.build/bazel_registry.json": "8a28e4aff06ee60aed2a8c281907fb8bcbf3b753c91fb5a5c57da3215d5b3497",
    "https://bcr.bazel.build/modules/abseil-cpp/20210324.2/MODULE.bazel": "7cd0312e064fde87c8d1cd79ba06c876bd23630c83466e9500321be55c96ace2",
    "https://bcr.bazel.build/modules/abseil-cpp/20211102.0/MODULE.bazel": "70390338f7a5106231d20620712f7cccb659cd0e9d073d1991c038eb9fc57589",
    "https://bcr.bazel.build/modules/abseil-cpp/20230125.1/MODULE.bazel": "89047429cb0207707b2dface14ba7f8df85273d484c2572755be4bab7ce9c3a0",
    "https://bcr.bazel.build/modules/abseil-cpp/20230802.0.bcr.1/MODULE.bazel": "1c8cec495288dccd14fdae6e3f95f772c1c91857047a098fad772034264cc8cb",
    "https://bcr.bazel.build/modules/abseil-cpp/20230802.0/MODULE.bazel": "d253ae36a8bd9ee3c5955384096ccb6baf16a1b1e93e858370da0a3b94f77c16",
    "https://bcr.bazel.build/modules/abseil-cpp/20230802.1/MODULE.bazel": "fa92e2eb41a04df73cdabeec37107316f7e5272650f81d6cc096418fe647b915",
    "https://bcr.bazel.build/modules/abseil-cpp/20240116.1/MODULE.bazel": "37bcdb4440fbb61df6a1c296ae01b327f19e9bb521f9b8e26ec854b6f97309ed",
    "https://bcr.bazel.build/modules/abseil-cpp/20240116.2/MODULE.bazel": "73939767a4686cd9a520d16af5ab440071ed75cec1a876bf2fcfaf1f71987a16",
    "https://bcr.bazel.build/modules/abseil-cpp/20250127.0/MODULE.bazel": "d1086e248cda6576862b4b3fe9ad76a214e08c189af5b42557a6e1888812c5d5",
    "https://bcr.bazel.build/modules/abseil-cpp/20250127.1/MODULE.bazel": "c4a89e7ceb9bf1e25cf84a9f830ff6b817b72874088bf5141b314726e46a57c1",
    "https://bcr.bazel.build/modules/abseil-cpp/20250127.1/source.json": "03c90ee57977264436d3231676dcddae116c4769a5d02b6fc16c2c9e019b583a",
    "https://bcr.bazel.build/modules/apple_support/1.11.1/MODULE.bazel": "1843d7cd8a58369a444fc6000e7304425fba600ff641592161d9f15b179fb896",
    "https://bcr.bazel.build/modules/apple_support/1.15.1/MODULE.bazel": "a0556fefca0b1bb2de8567b8827518f94db6a6e7e7d632b4c48dc5f865bc7c85",
    "https://bcr.bazel.build/modules/apple_support/1.21.0/MODULE.bazel": "ac1824ed5edf17dee2fdd4927ada30c9f8c3b520be1b5fd02a5da15bc10bff3e",
    "https://bcr.bazel.build/modules/apple_support/1.21.1/MODULE.bazel": "5809fa3efab15d1f3c3c635af6974044bac8a4919c62238cce06acee8a8c11f1",
    "https://bcr.bazel.build/modules/apple_support/1.23.1/MODULE.bazel": "53763fed456a968cf919b3240427cf3a9d5481ec5466abc9d5dc51bc70087442",
    "https://bcr.bazel.build/modules/apple_support/1.24.2/MODULE.bazel": "0e62471818affb9f0b26f128831d5c40b074d32e6dda5a0d3852847215a41ca4",
    "https://bcr.bazel.build/modules/apple_support/1.24.2/source.json": "2c22c9827093250406c5568da6c54e6fdf0ef06238def3d99c71b12feb057a8d",
    "https://bcr.bazel.build/modules/bazel_features/1.1.1/MODULE.bazel": "27b8c79ef57efe08efccbd9dd6ef70d61b4798320b8d3c134fd571f78963dbcd",
    "https://bcr.bazel.build/modules/bazel_features/1.10.0/MODULE.bazel": "f75e8807570484a99be90abcd52b5e1f390362c258bcb73106f4544957a48101",
    "https://bcr.bazel.build/modules/bazel_features/1.11.0/MODULE.bazel": "f9382337dd5a474c3b7d334c2f83e50b6eaedc284253334cf823044a26de03e8",
    "https://bcr.bazel.build/modules/bazel_features/1.15.0/MODULE.bazel": "d38ff6e517149dc509406aca0db3ad1efdd890a85e049585b7234d04238e2a4d",
    "https://bcr.bazel.build/modules/bazel_features/1.17.0/MODULE.bazel": "039de32d21b816b47bd42c778e0454217e9c9caac4a3cf8e15c7231ee3ddee4d",
    "https://bcr.bazel.build/modules/bazel_features/1.18.0/MODULE.bazel": "1be0ae2557ab3a72a57aeb31b29be347bcdc5d2b1eb1e70f39e3851a7e97041a",
    "https://bcr.bazel.build/modules/bazel_features/1.19.0/MODULE.bazel": "59adcdf28230d220f0067b1f435b8537dd033bfff8db21335ef9217919c7fb58",
    "https://bcr.bazel.build/modules/bazel_features/1.21.0/MODULE.bazel": "675642261665d8eea09989aa3b8afb5c37627f1be178382c320d1b46afba5e3b",
    "https://bcr.bazel.build/modules/bazel_features/1.27.0/MODULE.bazel": "621eeee06c4458a9121d1f104efb80f39d34deff4984e778359c60eaf1a8cb65",
    "https://bcr.bazel.build/modules/bazel_features/1.28.0/MODULE.bazel": "4b4200e6cbf8fa335b2c3f43e1d6ef3e240319c33d43d60cc0fbd4b87ece299d",
    "https://bcr.bazel.build/modules/bazel_features/1.3.0/MODULE.bazel": "cdcafe83ec318cda34e02948e81d790aab8df7a929cec6f6969f13a489ccecd9",
    "https://bcr.bazel.build/modules/bazel_features/1.30.0/MODULE.bazel": "a14b62d05969a293b80257e72e597c2da7f717e1e69fa8b339703ed6731bec87",
    "https://bcr.bazel.build/modules/bazel_features/1.30.0/source.json": "b07e17f067fe4f69f90b03b36ef1e08fe0d1f3cac254c1241a1818773e3423bc",
    "https://bcr.bazel.build/modules/bazel_features/1.4.1/MODULE.bazel": "e45b6bb2350aff3e442ae1111c555e27eac1d915e77775f6fdc4b351b758b5d7",
    "https://bcr.bazel.build/modules/bazel_features/1.9.0/MODULE.bazel": "885151d58d90d8d9c811eb75e3288c11f850e1d6b481a8c9f766adee4712358b",
    "https://bcr.bazel.build/modules/bazel_features/1.9.1/MODULE.bazel": "8f679097876a9b609ad1f60249c49d68bfab783dd9be012faf9d82547b14815a",
    "https://bcr.bazel.build/modules/bazel_skylib/1.0.3/MODULE.bazel": "bcb0fd896384802d1ad283b4e4eb4d718eebd8cb820b0a2c3a347fb971afd9d8",
    "https://bcr.bazel.build/modules/bazel_skylib/1.1.1/MODULE.bazel": "1add3e7d93ff2e6998f9e118022c84d163917d912f5afafb3058e3d2f1545b5e",
    "https://bcr.bazel.build/modules/bazel_skylib/1.2.0/MODULE.bazel": "44fe84260e454ed94ad326352a698422dbe372b21a1ac9f3eab76eb531223686",
    "https://bcr.bazel.build/modules/bazel_skylib/1.2.1/MODULE.bazel": "f35baf9da0efe45fa3da1696ae906eea3d615ad41e2e3def4aeb4e8bc0ef9a7a",
    "https://bcr.bazel.build/modules/bazel_skylib/1.3.0/MODULE.bazel": "20228b92868bf5cfc41bda7afc8a8ba2a543201851de39d990ec957b513579c5",
    "https://bcr.bazel.build/modules/bazel_skylib/1.4.1/MODULE.bazel": "a0dcb779424be33100dcae821e9e27e4f2901d9dfd5333efe5ac6a8d7ab75e1d",
    "https://bcr.bazel.build/modules/bazel_skylib/1.4.2/MODULE.bazel": "3bd40978e7a1fac911d5989e6b09d8f64921865a45822d8b09e815eaa726a651",
    "https://bcr.bazel.build/modules/bazel_skylib/1.5.0/MODULE.bazel": "32880f5e2945ce6a03d1fbd588e9198c0a959bb42297b2cfaf1685b7bc32e138",
    "https://bcr.bazel.build/modules/bazel_skylib/1.6.1/MODULE.bazel": "8fdee2dbaace6c252131c00e1de4b165dc65af02ea278476187765e1a617b917",
    "https://bcr.bazel.build/modules/bazel_skylib/1.7.0/MODULE.bazel": "0db596f4563de7938de764cc8deeabec291f55e8ec15299718b93c4423e9796d",
    "https://bcr.bazel.build/modules/bazel_skylib/1.7.1/MODULE.bazel": "3120d80c5861aa616222ec015332e5f8d3171e062e3e804a2a0253e1be26e59b",
    "https://bcr.bazel.build/modules/bazel_skylib/1.7.1/source.json": "f121b43eeefc7c29efbd51b83d08631e2347297c95aac9764a701f2a6a2bb953",
    "https://bcr.bazel.build/modules/boost.algorithm/1.89.0.bcr.2/MODULE.bazel": "9226438a199b01a2dfa82325b03b6576df0b46e634f9d01770b84cdfe4fc3dcb",
    "https://bcr.bazel.build/modules/boost.algorithm/1.89.0.bcr.2/source.json": "2ac6d36809c332f4b9802ea16c8e9a971bb68bc728231592d51d4786bf6f1130",
    "https://bcr.bazel.build/modules/boost.any/1.89.0.bcr.2/MODULE.bazel": "b096871f29fe3d50ceb890d143c3fa8d21cd61d362bcdb810d1facf900e717f9",
    "https://bcr.bazel.build/modules/boost.any/1.89.0.bcr.2/source.json": "a7a349da76457dd85ca2ffd3364031a888f4e73dabc2e471136d7e9feeb69f2f",
    "https://bcr.bazel.build/modules/boost.array/1.89.0.bcr.2/MODULE.bazel": "463870cdf4e7f880fc914639c2e93bfa87fed5f8256bdb95ae2a65f9842113cd",
    "https://bcr.bazel.build/modules/boost.array/1.89.0.bcr.2/source.json": "9e6a9f007e3a91a31a4189eab26081254bd0f79fdcb7a68ec71d39377e7331a9",
    "https://bcr.bazel.build/modules/boost.assert/1.89.0.bcr.2/MODULE.bazel": "4dcc63c9e2e86228530b480a6ff43d8394be6654f5ff8e3b29c127b5ba28409d",
    "https://bcr.bazel.build/modules/boost.assert/1.89.0.bcr.2/source.json": "d6f097672e50f354c7eca861c8a9151a913b152140ceba8109c98ac54d79bbbd",
    "https://bcr.bazel.build/modules/boost.bind/1.89.0.bcr.2/MODULE.bazel": "187e9c72f966f301973032e84b21db39998a12e76c1b6ee9430881108c5972d9",
    "https://bcr.bazel.build/modules/boost.bind/1.89.0.bcr.2/source.json": "43241f26ddd73333aa11559efed86cc0157e81ac496e5562b21b2d5fd07d5908",
    "https://bcr.bazel.build/modules/boost.concept_check/1.89.0.bcr.2/MODULE.bazel": "26d7e0938fff39efb402ced4cc35e173c35154be953c6c9779b9b867b96295cf",
    "https://bcr.bazel.build/modules/boost.concept_check/1.89.0.bcr.2/source.json": "d204651e0e453a9455619df534c1ba7c5b35865d4f0ba8f8de8f76571864adeb",
    "https://bcr.bazel.build/modules/boost.config/1.89.0.bcr.2/MODULE.bazel": "249452bd78a172360b1fe52e7a1ff86be4464e0ce1d6ee0d3225dc980764f253",
    "https://bcr.bazel.build/modules/boost.config/1.89.0.bcr.2/source.json": "0cfdc2ca5b02f63d9c3f66d3c92855a750969424f09809662c3e277cddca76a8",
    "https://bcr.bazel.build/modules/boost.container/1.89.0.bcr.2/MODULE.bazel": "e03e357bd31d04de4ead268e380c8cbc5468bb30fbda945c668aa3927e9dc442",
    "https://bcr.bazel.build/modules/boost.container/1.89.0.bcr.2/source.json": "c56713d1190c5c152ad9993f87cefa772bbf2420bd2a99c3ded5865fa7473e76",
    "https://bcr.bazel.build/modules/boost.container_hash/1.89.0.bcr.2/MODULE.bazel": "4c9504529f491c52892a407dad38b142e9c05698d018b2304ef9591594ed53bb",
    "https://bcr.bazel.build/modules/boost.container_hash/1.89.0.bcr.2/source.json": "b6144b67916b2d734b3183aeec3cbef15c819a13213c518915a3e9356e62e423",
    "https://bcr.bazel.build/modules/boost.conversion/1.89.0.bcr.2/MODULE.bazel": "e915be1dac2f24ebc6c05ed940f989706ba7015b5e9cbb20ff880dc59041bcb7",
    "https://bcr.bazel.build/modules/boost.conversion/1.89.0.bcr.2/source.json": "9bf91fcb3450f510ea14788149033a8851eb7875cd2d3f1db293821456e9c6a5",
    "https://bcr.bazel.build/modules/boost.core/1.89.0.bcr.2/MODULE.bazel": "8f729977386597cb86353a4a2b58274134be55dadc229196650a7f37fec9496a",
    "https://bcr.bazel.build/modules/boost.core/1.89.0.bcr.2/source.json": "59044798075cb7064bf29e2e87a3bb5531771bfa64270f4975f408dfebe2a907",
    "https://bcr.bazel.build/modules/boost.describe/1.89.0.bcr.2/MODULE.bazel": "948aaff9e29f47ec5459ea63d688a093576c01b6e9cd1fe9c70d3a0bfe3be6bf",
    "https://bcr.bazel.build/modules/boost.describe/1.89.0.bcr.2/source.json": "251fdfc6ac551ab8e8a33f62ef1d3fba9a7f85c7893ec87c495b562e25d4f0e6",
    "https://bcr.bazel.build/modules/boost.detail/1.89.0.bcr.2/MODULE.bazel": "d316fd4bcf6bc5d84edc0b15d447da5c5af571992cc9e0c07db544e8f6ccd9a1",
    "https://bcr.bazel.build/modules/boost.detail/1.89.0.bcr.2/source.json": "dbfd712fa8277eb303f312be503d4596a650f787d723aca19e0fd2020e85dfc7",
    "https://bcr.bazel.build/modules/boost.exception/1.89.0.bcr.2/MODULE.bazel": "602cd716068438f492e424de704dbfa8c6de21a7fcb676394fd784f0cc99b045",
    "https://bcr.bazel.build/modules/boost.exception/1.89.0.bcr.2/source.json": "ce2c164e4d36a90bab9433987e1b0be5668e8a80343c40a00740ae8e13628995",
    "https://bcr.bazel.build/modules/boost.function/1.89.0.bcr.2/MODULE.bazel": "1fef02b53708af88a3a406bf1fb34ba13ccaef5b78eab933b674270055b3a8ad",
    "https://bcr.bazel.build/modules/boost.function/1.89.0.bcr.2/source.json": "d05ae7a9c561684f6ea9e19e93866d385d3fbaaf1ea9f2614b689f90b6f4bdd8",
    "https://bcr.bazel.build/modules/boost.function_types/1.89.0.bcr.2/MODULE.bazel": "995bad58a12e2f9e8e52f1eb4d5c40b85628dd2f13a78af720c690f246f33eb3",
    "https://bcr.bazel.build/modules/boost.function_types/1.89.0.bcr.2/source.json": "4e7893df241b597a8df895244a8218fa6cd4b122a17b1ea5964d31d4b654aaa8",
    "https://bcr.bazel.build/modules/boost.functional/1.89.0.bcr.2/MODULE.bazel": "94f7f9569381e3dba326e8eaa0dc84dbcd6feef0e0226ae5b6b99231a492786a",
    "https://bcr.bazel.build/modules/boost.functional/1.89.0.bcr.2/source.json": "8b08b2da504cac1d4d02d1e969f56fc1316cef96130e78b8c5412b9455480432",
    "https://bcr.bazel.build/modules/boost.fusion/1.89.0.bcr.2/MODULE.bazel": "cec1a7d23b4d602b885c320baa8c1d1cf53508c7e45268bc6602399372ec8302",
    "https://bcr.bazel.build/modules/boost.fusion/1.89.0.bcr.2/source.json": "29da66d3ef5ec661c1a8f7bf64a3f419cd09274a626fdc0dfe41927d5658e4b9",
    "https://bcr.bazel.build/modules/boost.integer/1.89.0.bcr.2/MODULE.bazel": "c40f2ff6f5c1752149851457db724a59b2f58187625c382935e043a8397e14bb",
    "https://bcr.bazel.build/modules/boost.integer/1.89.0.bcr.2/source.json": "c3d8330b6ca622bb44ff6595f64a37419c7047b2775d4289023ae45128b4ee85",
    "https://bcr.bazel.build/modules/boost.intrusive/1.89.0.bcr.2/MODULE.bazel": "7f7db8aa25b004a9e19c197ac43dd42c98ece575eb13293ad3400c1dbdad562b",
    "https://bcr.bazel.build/modules/boost.intrusive/1.89.0.bcr.2/source.json": "5cb2e5f318b4b9631b696db3e8600347e73ac25c2910797558ce1f9b540323d2",
    "https://bcr.bazel.build/modules/boost.io/1.89.0.bcr.2/MODULE.bazel": "18a553abe398f1ece2c62ebc94be5af73d2f8324570f28159709fcf7159d19b6",
    "https://bcr.bazel.build/modules/boost.io/1.89.0.bcr.2/source.json": "cea27aa54b11367b7d6c78bf604d20fdb5f6efa2040979a38d54e8806022294b",
    "https://bcr.bazel.build/modules/boost.iterator/1.89.0.bcr.2/MODULE.bazel": "b02c2d8241d4941b404d9817be1df0dbb93098432d5e3ee03bd23677b600c2c9",
    "https://bcr.bazel.build/modules/boost.iterator/1.89.0.bcr.2/source.json": "78244dbe14b24d31857e235253b3500d038d57ef96b21e7f68bcd82b7a1a6d46",
    "https://bcr.bazel.build/modules/boost.lexical_cast/1.89.0.bcr.2/MODULE.bazel": "0026e75546d68c121cee24c21eb5cb6623000e06e577e963c56906ea005f350f",
    "https://bcr.bazel.build/modules/boost.lexical_cast/1.89.0.bcr.2/source.json": "48e142dfe7890008fffc328d66c72c05d9c7fb1f52c8d7b02714af398ec640d8",
    "https://bcr.bazel.build/modules/boost.move/1.89.0.bcr.2/MODULE.bazel": "1e5ab022babf5cb55360841c99b4c4d8413f673f449de3a4e664c65784e05e5d",
    "https://bcr.bazel.build/modules/boost.move/1.89.0.bcr.2/source.json": "e176cf4a83046cd7cac53ebecce1ba8fa10bb1faac7152763d053c3a5a684452",
    "https://bcr.bazel.build/modules/boost.mp11/1.89.0.bcr.2/MODULE.bazel": "5a1ee1918830f8901406ebc2a1690ff75c5e111509fe7f75397abf53f78a6c64",
    "https://bcr.bazel.build/modules/boost.mp11/1.89.0.bcr.2/source.json": "a7e3933d16f6e946130a116ebcc782bd4b9f89e6a88d62ecbd8757b774636640",
    "https://bcr.bazel.build/modules/boost.mpl/1.89.0.bcr.2/MODULE.bazel": "387815889ad8b241c85ea0977c19b527d6c5bad3d6cd7d54bba43a63fc4c1713",
    "https://bcr.bazel.build/modules/boost.mpl/1.89.0.bcr.2/source.json": "80eaac00451e3f10123b88ccc58ae18fb7208251f80f24db3a5834d6625d8cd9",
    "https://bcr.bazel.build/modules/boost.optional/1.89.0.bcr.2/MODULE.bazel": "7d1002b160027914ff2d927872a5856601e07b3cba525717bdf303928998236c",
    "https://bcr.bazel.build/modules/boost.optional/1.89.0.bcr.2/source.json": "dd27d8a9b75d0ed474dc062ab2243bf5ce38aabf5411fbd68fb120887ef2e967",
    "https://bcr.bazel.build/modules/boost.predef/1.89.0.bcr.2/MODULE.bazel": "e27b429f279c8b9c261cf6782c3cbdcc7f8b31460ad092314badf6a03dfd974b",
    "https://bcr.bazel.build/modules/boost.predef/1.89.0.bcr.2/source.json": "2a799742cfdc33a790cc12d119728e2668605e8a5756590dac90a0a542595ed2",
    "https://bcr.bazel.build/modules/boost.preprocessor/1.89.0.bcr.2/MODULE.bazel": "a17322cca21dc9fa6d9cee49b836f50963c2862156ff24c6fd42c7c2425fd92d",
    "https://bcr.bazel.build/modules/boost.preprocessor/1.89.0.bcr.2/source.json": "e2cdaa6a55f870c57cf70724d03fb3dd4368e06e5d3a3860dfca986660c64911",
    "https://bcr.bazel.build/modules/boost.program_options/1.89.0.bcr.2/MODULE.bazel": "40ca1b9e890619b54f52b5db5d1c19d9c269b0df7baec08b3b0b4e897ca026bb",
    "https://bcr.bazel.build/modules/boost.program_options/1.89.0.bcr.2/source.json": "0a0f9c751124fe7d2f4c723838044f01027460da535f992eabb71ff455837c71",
    "https://bcr.bazel.build/modules/boost.range/1.89.0.bcr.2/MODULE.bazel": "39c6289001173cecbf6f8f8c403d758fbab16339abceb1bb08d5423c8ba5e4a1",
    "https://bcr.bazel.build/modules/boost.range/1.89.0.bcr.2/source.json": "cf6969ed27e260adeb3891c0a45801399c5cb5ad7660604a197ed6128f0b3bf6",
    "https://bcr.bazel.build/modules/boost.regex/1.89.0.bcr.2/MODULE.bazel": "40f9f43e11d6770e32f3823a68c47550fb599025896a1a44161c0afab1568753",
    "https://bcr.bazel.build/modules/boost.regex/1.89.0.bcr.2/source.json": "3e1562878b359d9ea3df7b2e6ecb6e1eb3857d3d6628959790fa113fe6db4b0c",
    "https://bcr.bazel.build/modules/boost.smart_ptr/1.89.0.bcr.2/MODULE.bazel": "4e5af9c03ed1c2daa8b89bdc622f2441f3ecb3aff6112607daef7e081ea02713",
    "https://bcr.bazel.build/modules/boost.smart_ptr/1.89.0.bcr.2/source.json": "e5ac0f5418c474503aa827fe81250bb064f7d65c7325e0629ddd162f7d7eddf1",
    "https://bcr.bazel.build/modules/boost.static_assert/1.89.0.bcr.2/MODULE.bazel": "759c3f29ac03e0a35131c650d700d6105230b10f8a01d841d08fcf9f616925c3",
    "https://bcr.bazel.build/modules/boost.static_assert/1.89.0.bcr.2/source.json": "b8441521d3283aa418f6637533fc82631bc6b8a9da28c3ed505ad6dc5f47a119",
    "https://bcr.bazel.build/modules/boost.throw_exception/1.89.0.bcr.2/MODULE.bazel": "e16a1195c2006a1d73fb55c0ba0d910a64cae2d8a1d8ef42ba74e83d145a46d0",
    "https://bcr.bazel.build/modules/boost.throw_exception/1.89.0.bcr.2/source.json": "7571bb5f51c1af38b89263df99cb3f62b83ef7406b9f3f7a9f4aa13abdf9f2bf",
    "https://bcr.bazel.build/modules/boost.tokenizer/1.89.0.bcr.2/MODULE.bazel": "5dcf0d8648cceff4ccac1e983ece15561b9df1a5ee002a771acc6656e981721d",
    "https://bcr.bazel.build/modules/boost.tokenizer/1.89.0.bcr.2/source.json": "8cf2a99636da398b604f02737a319ae3d817202e5b1e2735e5b67c9c0452fd6a",
    "https://bcr.bazel.build/modules/boost.tuple/1.89.0.bcr.2/MODULE.bazel": "477ac9bacab71378f0e67815c847a68eb17bf2627f9583185ba41b05c7b925ba",
    "https://bcr.bazel.build/modules/boost.tuple/1.89.0.bcr.2/source.json": "f3b660bbf0ed61f7404b9ed57cf94ffa43d435bc52b981c09f235f1774894d7a",
    "https://bcr.bazel.build/modules/boost.type_index/1.89.0.bcr.2/MODULE.bazel": "2efce3aec8647fa3c400088d762db07475d02ded6fc4f3dc13362ad83ad6a8c9",
    "https://bcr.bazel.build/modules/boost.type_index/1.89.0.bcr.2/source.json": "45d090f2a77ff9673b4cba720a312048c745b1642000b0bffa9d5703def4936e",
    "https://bcr.bazel.build/modules/boost.type_traits/1.89.0.bcr.2/MODULE.bazel": "fe59e07c640e56f1063b3f9c049dccf274382771beb51554c2e93875947bf820",
    "https://bcr.bazel.build/modules/boost.type_traits/1.89.0.bcr.2/source.json": "2badffa618ca01afa77b5b86d6eea209dccc7ffc2b60644e0bee109529bd04c5",
    "https://bcr.bazel.build/modules/boost.typeof/1.89.0.bcr.2/MODULE.bazel": "1016c641742e5c05db2b3fc56f71ff425376366ff2851b63298df08ac9563331",
    "https://bcr.bazel.build/modules/boost.typeof/1.89.0.bcr.2/source.json": "a21770014c6065036197028d79abda87a8506076d5915264666233224a7d1ec9",
    "https://bcr.bazel.build/modules/boost.unordered/1.89.0.bcr.2/MODULE.bazel": "a8ce9fa18920ac98aecbc8a11f79925d22c94666463a2ac70f7b74ea9f5ba823",
    "https://bcr.bazel.build/modules/boost.unordered/1.89.0.bcr.2/source.json": "f3ca89da116ae95423c48e24d6ac005020d8534646f57dc6ef9ac7e8279956d7",
    "https://bcr.bazel.build/modules/boost.utility/1.89.0.bcr.2/MODULE.bazel": "0892266c631affaa46cc6eb799208068a5bec7a43597ccdd0558026691e40616",
    "https://bcr.bazel.build/modules/boost.utility/1.89.0.bcr.2/source.json": "d70bda2408a40e0d27a1329ac37f099a5600e486305a84b2d07e7be82db5e061",
    "https://bcr.bazel.build/modules/boost/1.89.0.bcr.2/MODULE.bazel": "76b396b9b330aa638717ca3d7ec5f7fd171938c245d14a15f95e5907570e7319",
    "https://bcr.bazel.build/modules/boost/1.89.0.bcr.2/source.json": "d6e61b11e988a54d6b7ca691c18a6c69262c4b3a692df387e614c4b92b176fb6",
    "https://bcr.bazel.build/modules/boringssl/0.20241024.0/MODULE.bazel": "b540cff73d948cb79cb0bc108d7cef391d2098a25adabfda5043e4ef548dbc87",
    "https://bcr.bazel.build/modules/boringssl/0.20241024.0/source.json": "d843092e682b84188c043ac742965d7f96e04c846c7e338187e03238674909a9",
    "https://bcr.bazel.build/modules/buildozer/7.1.2/MODULE.bazel": "2e8dd40ede9c454042645fd8d8d0cd1527966aa5c919de86661e62953cd73d84",
    "https://bcr.bazel.build/modules/buildozer/7.1.2/source.json": "c9028a501d2db85793a6996205c8de120944f50a0d570438fcae0457a5f9d1f8",
    "https://bcr.bazel.build/modules/cereal/1.3.2.bcr.3/MODULE.bazel": "c9365504933535066495b8979acc6746588e043b307e0e6b2862e14979742935",
    "https://bcr.bazel.build/modules/cereal/1.3.2.bcr.3/source.json": "d295e7f90cae9d960499414afc1d4ddf62a1339076c211074e43c7286cb790f1",
    "https://bcr.bazel.build/modules/cpr/1.14.1/MODULE.bazel": "05e610a286aaa680624bb59675c4f807c2850c9ac446935ef0d051b673a20c0d",
    "https://bcr.bazel.build/modules/cpr/1.14.1/source.json": "9073e0f174f5ee9f88c3f7ee8ad750ffa9735b60c30eecd5c495013030364140",
    "https://bcr.bazel.build/modules/curl/8.11.0.bcr.4/MODULE.bazel": "4a7625ad6d3978f5794598c6a799c75663f04ae66bd7b54a17c8c0fd203e65af",
    "https://bcr.bazel.build/modules/curl/8.11.0.bcr.4/source.json": "bca1e3ba69100563ddfbc60872b797237a9d424c9e86f289259a701919a4b97d",
    "https://bcr.bazel.build/modules/fast_float/8.0.2/MODULE.bazel": "43504664efdfa4c6cf1349626c87135c9b87926325c720458f396eee25568eda",
    "https://bcr.bazel.build/modules/fast_float/8.0.2/source.json": "8b83304ea4c3c1e43cc74e644918394a799b0f2cebe3b9ffbbe37ac75dcfb171",
    "https://bcr.bazel.build/modules/google_benchmark/1.8.2/MODULE.bazel": "a70cf1bba851000ba93b58ae2f6d76490a9feb74192e57ab8e8ff13c34ec50cb",
    "https://bcr.bazel.build/modules/google_benchmark/1.9.2/MODULE.bazel": "1d30f717f00d5f18e7d8e55d18573bab80651d75b40e3391af2992cd2568577a",
    "https://bcr.bazel.build/modules/google_benchmark/1.9.2/source.json": "fd301b911848c3ad83700d1bf5b90ad23afc24f25a9cc34d8297ab6203cfe39d",
    "https://bcr.bazel.build/modules/googletest/1.11.0/MODULE.bazel": "3a83f095183f66345ca86aa13c58b59f9f94a2f81999c093d4eeaa2d262d12f4",
    "https://bcr.bazel.build/modules/googletest/1.14.0.bcr.1/MODULE.bazel": "22c31a561553727960057361aa33bf20fb2e98584bc4fec007906e27053f80c6",
    "https://bcr.bazel.build/modules/googletest/1.14.0/MODULE.bazel": "cfbcbf3e6eac06ef9d85900f64424708cc08687d1b527f0ef65aa7517af8118f",
    "https://bcr.bazel.build/modules/googletest/1.15.2/MODULE.bazel": "6de1edc1d26cafb0ea1a6ab3f4d4192d91a312fd2d360b63adaa213cd00b2108",
    "https://bcr.bazel.build/modules/googletest/1.16.0/MODULE.bazel": "a175623c69e94fca4ca7acbc12031e637b0c489318cd4805606981d4d7adb34a",
    "https://bcr.bazel.build/modules/googletest/1.17.0/MODULE.bazel": "dbec758171594a705933a29fcf69293d2468c49ec1f2ebca65c36f504d72df46",
    "https://bcr.bazel.build/modules/googletest/1.17.0/source.json": "38e4454b25fc30f15439c0378e57909ab1fd0a443158aa35aec685da727cd713",
    "https://bcr.bazel.build/modules/jsoncpp/1.9.5/MODULE.bazel": "31271aedc59e815656f5736f282bb7509a97c7ecb43e927ac1a37966e0578075",
    "https://bcr.bazel.build/modules/jsoncpp/1.9.5/source.json": "4108ee5085dd2885a341c7fab149429db457b3169b86eb081fa245eadf69169d",
    "https://bcr.bazel.build/modules/libpfm/4.11.0.bcr.1/MODULE.bazel": "e5362dadc90aab6724c83a2cc1e67cbed9c89a05d97fb1f90053c8deb1e445c8",
    "https://bcr.bazel.build/modules/libpfm/4.11.0.bcr.1/source.json": "0646414d9037f8aad148781dd760bec90b0b25ac12fda5e03f8aadbd6b9c61e6",
    "https://bcr.bazel.build/modules/libpfm/4.11.0/MODULE.bazel": "45061ff025b301940f1e30d2c16bea596c25b176c8b6b3087e92615adbd52902",
    "https://bcr.bazel.build/modules/magic_enum/0.9.7/MODULE.bazel": "2205d1095eb334c5883ed1f592c7f10b27d5feb7e05f4bd97b43202901c14e0d",
    "https://bcr.bazel.build/modules/magic_enum/0.9.7/source.json": "456e639a1c2eb13b78c4c799db2b758f5720284f3991d99238848f5cdcf3b554",
    "https://bcr.bazel.build/modules/mbedtls/3.6.0/MODULE.bazel": "8e380e4698107c5f8766264d4df92e36766248447858db28187151d884995a09",
    "https://bcr.bazel.build/modules/mbedtls/3.6.0/source.json": "1dbe7eb5258050afcc3806b9d43050f71c6f539ce0175535c670df606790b30c",
    "https://bcr.bazel.build/modules/nlohmann_json/3.12.0/MODULE.bazel": "21f19a4479e994c1546cf6f10c65d2fa464cd95f49eebad98dc5bac49c801dab",
    "https://bcr.bazel.build/modules/nlohmann_json/3.12.0/source.json": "6bf17b358c467effad70c02ab43e2d65939d740f667157397f583435909cfae1",
    "https://bcr.bazel.build/modules/nlohmann_json/3.6.1/MODULE.bazel": "6f7b417dcc794d9add9e556673ad25cb3ba835224290f4f848f8e2db1e1fca74",
    "https://bcr.bazel.build/modules/openssl/3.3.1.bcr.1/MODULE.bazel": "49c0c07e8fb87b480bccb842cfee1b32617f11dac590f732573c69058699a3d1",
    "https://bcr.bazel.build/modules/openssl/3.3.1.bcr.1/source.json": "0c0872e048bbea052a9c541fb47019481a19201ba5555a71d762ad591bf94e1f",
    "https://bcr.bazel.build/modules/platforms/0.0.10/MODULE.bazel": "8cb8efaf200bdeb2150d93e162c40f388529a25852b332cec879373771e48ed5",
    "https://bcr.bazel.build/modules/platforms/0.0.11/MODULE.bazel": "0daefc49732e227caa8bfa834d65dc52e8cc18a2faf80df25e8caea151a9413f",
    "https://bcr.bazel.build/modules/platforms/0.0.11/source.json": "f7e188b79ebedebfe75e9e1d098b8845226c7992b307e28e1496f23112e8fc29",
    "https://bcr.bazel.build/modules/platforms/0.0.4/MODULE.bazel": "9b328e31ee156f53f3c416a64f8491f7eb731742655a47c9eec4703a71644aee",
    "https://bcr.bazel.build/modules/platforms/0.0.5/MODULE.bazel": "5733b54ea419d5eaf7997054bb55f6a1d0b5ff8aedf0176fef9eea44f3acda37",
    "https://bcr.bazel.build/modules/platforms/0.0.6/MODULE.bazel": "ad6eeef431dc52aefd2d77ed20a4b353f8ebf0f4ecdd26a807d2da5aa8cd0615",
    "https://bcr.bazel.build/modules/platforms/0.0.7/MODULE.bazel": "72fd4a0ede9ee5c021f6a8dd92b503e089f46c227ba2813ff183b71616034814",
    "https://bcr.bazel.build/modules/platforms/0.0.8/MODULE.bazel": "9f142c03e348f6d263719f5074b21ef3adf0b139ee4c5133e2aa35664da9eb2d",
    "https://bcr.bazel.build/modules/platforms/0.0.9/MODULE.bazel": "4a87a60c927b56ddd67db50c89acaa62f4ce2a1d2149ccb63ffd871d5ce29ebc",
    "https://bcr.bazel.build/modules/protobuf/21.7/MODULE.bazel": "a5a29bb89544f9b97edce05642fac225a808b5b7be74038ea3640fae2f8e66a7",
    "https://bcr.bazel.build/modules/protobuf/23.1/MODULE.bazel": "88b393b3eb4101d18129e5db51847cd40a5517a53e81216144a8c32dfeeca52a",
    "https://bcr.bazel.build/modules/protobuf/27.0/MODULE.bazel": "7873b60be88844a0a1d8f80b9d5d20cfbd8495a689b8763e76c6372998d3f64c",
    "https://bcr.bazel.build/modules/protobuf/27.1/MODULE.bazel": "703a7b614728bb06647f965264967a8ef1c39e09e8f167b3ca0bb1fd80449c0d",
    "https://bcr.bazel.build/modules/protobuf/29.0-rc2/MODULE.bazel": "6241d35983510143049943fc0d57937937122baf1b287862f9dc8590fc4c37df",
    "https://bcr.bazel.build/modules/protobuf/29.0-rc3/MODULE.bazel": "33c2dfa286578573afc55a7acaea3cada4122b9631007c594bf0729f41c8de92",
    "https://bcr.bazel.build/modules/protobuf/29.0/MODULE.bazel": "319dc8bf4c679ff87e71b1ccfb5a6e90a6dbc4693501d471f48662ac46d04e4e",
    "https://bcr.bazel.build/modules/protobuf/29.0/source.json": "b857f93c796750eef95f0d61ee378f3420d00ee1dd38627b27193aa482f4f981",
    "https://bcr.bazel.build/modules/protobuf/3.19.0/MODULE.bazel": "6b5fbb433f760a99a22b18b6850ed5784ef0e9928a72668b66e4d7ccd47db9b0",
    "https://bcr.bazel.build/modules/pybind11_bazel/2.11.1/MODULE.bazel": "88af1c246226d87e65be78ed49ecd1e6f5e98648558c14ce99176da041dc378e",
    "https://bcr.bazel.build/modules/pybind11_bazel/2.12.0/MODULE.bazel": "e6f4c20442eaa7c90d7190d8dc539d0ab422f95c65a57cc59562170c58ae3d34",
    "https://bcr.bazel.build/modules/pybind11_bazel/2.12.0/source.json": "6900fdc8a9e95866b8c0d4ad4aba4d4236317b5c1cd04c502df3f0d33afed680",
    "https://bcr.bazel.build/modules/re2/2023-09-01/MODULE.bazel": "cb3d511531b16cfc78a225a9e2136007a48cf8a677e4264baeab57fe78a80206",
    "https://bcr.bazel.build/modules/re2/2024-07-02.bcr.1/MODULE.bazel": "b4963dda9b31080be1905ef085ecd7dd6cd47c05c79b9cdf83ade83ab2ab271a",
    "https://bcr.bazel.build/modules/re2/2024-07-02.bcr.1/source.json": "2ff292be6ef3340325ce8a045ecc326e92cbfab47c7cbab4bd85d28971b97ac4",
    "https://bcr.bazel.build/modules/re2/2024-07-02/MODULE.bazel": "0eadc4395959969297cbcf31a249ff457f2f1d456228c67719480205aa306daa",
    "https://bcr.bazel.build/modules/rules_android/0.1.1/MODULE.bazel": "48809ab0091b07ad0182defb787c4c5328bd3a278938415c00a7b69b50c4d3a8",
    "https://bcr.bazel.build/modules/rules_android/0.1.1/source.json": "e6986b41626ee10bdc864937ffb6d6bf275bb5b9c65120e6137d56e6331f089e",
    "https://bcr.bazel.build/modules/rules_apple/4.0.1/MODULE.bazel": "dec3ca18ca4680c66a33341918ef5160ba37b51b282435e2ec01490b2f873475",
    "https://bcr.bazel.build/modules/rules_apple/4.3.2/MODULE.bazel": "b265dd53eca6cdc9822e16b8ed07d89fc6ae8596514ed34ab39736ec7dab7876",
    "https://bcr.bazel.build/modules/rules_apple/4.3.2/source.json": "d9100194407a3afd7214ad9e2da1e752d3f740e677ee52bc2a5ac715e9880fda",
    "https://bcr.bazel.build/modules/rules_cc/0.0.1/MODULE.bazel": "cb2aa0747f84c6c3a78dad4e2049c154f08ab9d166b1273835a8174940365647",
    "https://bcr.bazel.build/modules/rules_cc/0.0.10/MODULE.bazel": "ec1705118f7eaedd6e118508d3d26deba2a4e76476ada7e0e3965211be012002",
    "https://bcr.bazel.build/modules/rules_cc/0.0.13/MODULE.bazel": "0e8529ed7b323dad0775ff924d2ae5af7640b23553dfcd4d34344c7e7a867191",
    "https://bcr.bazel.build/modules/rules_cc/0.0.14/MODULE.bazel": "5e343a3aac88b8d7af3b1b6d2093b55c347b8eefc2e7d1442f7a02dc8fea48ac",
    "https://bcr.bazel.build/modules/rules_cc/0.0.15/MODULE.bazel": "6704c35f7b4a72502ee81f61bf88706b54f06b3cbe5558ac17e2e14666cd5dcc",
    "https://bcr.bazel.build/modules/rules_cc/0.0.16/MODULE.bazel": "7661303b8fc1b4d7f532e54e9d6565771fea666fbdf839e0a86affcd02defe87",
    "https://bcr.bazel.build/modules/rules_cc/0.0.17/MODULE.bazel": "2ae1d8f4238ec67d7185d8861cb0a2cdf4bc608697c331b95bf990e69b62e64a",
    "https://bcr.bazel.build/modules/rules_cc/0.0.2/MODULE.bazel": "6915987c90970493ab97393024c156ea8fb9f3bea953b2f3ec05c34f19b5695c",
    "https://bcr.bazel.build/modules/rules_cc/0.0.6/MODULE.bazel": "abf360251023dfe3efcef65ab9d56beefa8394d4176dd29529750e1c57eaa33f",
    "https://bcr.bazel.build/modules/rules_cc/0.0.8/MODULE.bazel": "964c85c82cfeb6f3855e6a07054fdb159aced38e99a5eecf7bce9d53990afa3e",
    "https://bcr.bazel.build/modules/rules_cc/0.0.9/MODULE.bazel": "836e76439f354b89afe6a911a7adf59a6b2518fafb174483ad78a2a2fde7b1c5",
    "https://bcr.bazel.build/modules/rules_cc/0.1.1/MODULE.bazel": "2f0222a6f229f0bf44cd711dc13c858dad98c62d52bd51d8fc3a764a83125513",
    "https://bcr.bazel.build/modules/rules_cc/0.1.2/MODULE.bazel": "557ddc3a96858ec0d465a87c0a931054d7dcfd6583af2c7ed3baf494407fd8d0",
    "https://bcr.bazel.build/modules/rules_cc/0.2.13/MODULE.bazel": "eecdd666eda6be16a8d9dc15e44b5c75133405e820f620a234acc4b1fdc5aa37",
    "https://bcr.bazel.build/modules/rules_cc/0.2.14/MODULE.bazel": "353c99ed148887ee89c54a17d4100ae7e7e436593d104b668476019023b58df8",
    "https://bcr.bazel.build/modules/rules_cc/0.2.16/MODULE.bazel": "9242fa89f950c6ef7702801ab53922e99c69b02310c39fb6e62b2bd30df2a1d4",
    "https://bcr.bazel.build/modules/rules_cc/0.2.16/source.json": "d03d5cde49376d87e14ec14b666c56075e5e3926930327fd5d0484a1ff2ac1cc",
    "https://bcr.bazel.build/modules/rules_cc/0.2.4/MODULE.bazel": "1ff1223dfd24f3ecf8f028446d4a27608aa43c3f41e346d22838a4223980b8cc",
    "https://bcr.bazel.build/modules/rules_cc/0.2.8/MODULE.bazel": "f1df20f0bf22c28192a794f29b501ee2018fa37a3862a1a2132ae2940a23a642",
    "https://bcr.bazel.build/modules/rules_foreign_cc/0.9.0/MODULE.bazel": "c9e8c682bf75b0e7c704166d79b599f93b72cfca5ad7477df596947891feeef6",
    "https://bcr.bazel.build/modules/rules_fuzzing/0.5.2/MODULE.bazel": "40c97d1144356f52905566c55811f13b299453a14ac7769dfba2ac38192337a8",
    "https://bcr.bazel.build/modules/rules_fuzzing/0.5.2/source.json": "c8b1e2c717646f1702290959a3302a178fb639d987ab61d548105019f11e527e",
    "https://bcr.bazel.build/modules/rules_ios/6.0.1/MODULE.bazel": "121dab7138ed4158407ccf59afa05d52b52811d2fb45bc7620b612bfa543a5b6",
    "https://bcr.bazel.build/modules/rules_ios/6.0.1/source.json": "6d42855c362a82a396655cfad7253051519d5aa8b413ccd04ea1bc084a25c319",
    "https://bcr.bazel.build/modules/rules_java/4.0.0/MODULE.bazel": "5a78a7ae82cd1a33cef56dc578c7d2a46ed0dca12643ee45edbb8417899e6f74",
    "https://bcr.bazel.build/modules/rules_java/5.3.5/MODULE.bazel": "a4ec4f2db570171e3e5eb753276ee4b389bae16b96207e9d3230895c99644b86",
    "https://bcr.bazel.build/modules/rules_java/6.0.0/MODULE.bazel": "8a43b7df601a7ec1af61d79345c17b31ea1fedc6711fd4abfd013ea612978e39",
    "https://bcr.bazel.build/modules/rules_java/6.4.0/MODULE.bazel": "e986a9fe25aeaa84ac17ca093ef13a4637f6107375f64667a15999f77db6c8f6",
    "https://bcr.bazel.build/modules/rules_java/6.5.2/MODULE.bazel": "1d440d262d0e08453fa0c4d8f699ba81609ed0e9a9a0f02cd10b3e7942e61e31",
    "https://bcr.bazel.build/modules/rules_java/7.10.0/MODULE.bazel": "530c3beb3067e870561739f1144329a21c851ff771cd752a49e06e3dc9c2e71a",
    "https://bcr.bazel.build/modules/rules_java/7.12.2/MODULE.bazel": "579c505165ee757a4280ef83cda0150eea193eed3bef50b1004ba88b99da6de6",
    "https://bcr.bazel.build/modules/rules_java/7.2.0/MODULE.bazel": "06c0334c9be61e6cef2c8c84a7800cef502063269a5af25ceb100b192453d4ab",
    "https://bcr.bazel.build/modules/rules_java/7.3.2/MODULE.bazel": "50dece891cfdf1741ea230d001aa9c14398062f2b7c066470accace78e412bc2",
    "https://bcr.bazel.build/modules/rules_java/7.6.1/MODULE.bazel": "2f14b7e8a1aa2f67ae92bc69d1ec0fa8d9f827c4e17ff5e5f02e91caa3b2d0fe",
    "https://bcr.bazel.build/modules/rules_java/8.14.0/MODULE.bazel": "717717ed40cc69994596a45aec6ea78135ea434b8402fb91b009b9151dd65615",
    "https://bcr.bazel.build/modules/rules_java/8.14.0/source.json": "8a88c4ca9e8759da53cddc88123880565c520503321e2566b4e33d0287a3d4bc",
    "https://bcr.bazel.build/modules/rules_java/8.3.2/MODULE.bazel": "7336d5511ad5af0b8615fdc7477535a2e4e723a357b6713af439fe8cf0195017",
    "https://bcr.bazel.build/modules/rules_java/8.5.1/MODULE.bazel": "d8a9e38cc5228881f7055a6079f6f7821a073df3744d441978e7a43e20226939",
    "https://bcr.bazel.build/modules/rules_jvm_external/4.4.2/MODULE.bazel": "a56b85e418c83eb1839819f0b515c431010160383306d13ec21959ac412d2fe7",
    "https://bcr.bazel.build/modules/rules_jvm_external/5.1/MODULE.bazel": "33f6f999e03183f7d088c9be518a63467dfd0be94a11d0055fe2d210f89aa909",
    "https://bcr.bazel.build/modules/rules_jvm_external/5.2/MODULE.bazel": "d9351ba35217ad0de03816ef3ed63f89d411349353077348a45348b096615036",
    "https://bcr.bazel.build/modules/rules_jvm_external/5.3/MODULE.bazel": "bf93870767689637164657731849fb887ad086739bd5d360d90007a581d5527d",
    "https://bcr.bazel.build/modules/rules_jvm_external/6.1/MODULE.bazel": "75b5fec090dbd46cf9b7d8ea08cf84a0472d92ba3585b476f44c326eda8059c4",
    "https://bcr.bazel.build/modules/rules_jvm_external/6.3/MODULE.bazel": "c998e060b85f71e00de5ec552019347c8bca255062c990ac02d051bb80a38df0",
    "https://bcr.bazel.build/modules/rules_jvm_external/6.3/source.json": "6f5f5a5a4419ae4e37c35a5bb0a6ae657ed40b7abc5a5189111b47fcebe43197",
    "https://bcr.bazel.build/modules/rules_kotlin/1.9.0/MODULE.bazel": "ef85697305025e5a61f395d4eaede272a5393cee479ace6686dba707de804d59",
    "https://bcr.bazel.build/modules/rules_kotlin/1.9.6/MODULE.bazel": "d269a01a18ee74d0335450b10f62c9ed81f2321d7958a2934e44272fe82dcef3",
    "https://bcr.bazel.build/modules/rules_kotlin/1.9.6/source.json": "2faa4794364282db7c06600b7e5e34867a564ae91bda7cae7c29c64e9466b7d5",
    "https://bcr.bazel.build/modules/rules_license/0.0.3/MODULE.bazel": "627e9ab0247f7d1e05736b59dbb1b6871373de5ad31c3011880b4133cafd4bd0",
    "https://bcr.bazel.build/modules/rules_license/0.0.7/MODULE.bazel": "088fbeb0b6a419005b89cf93fe62d9517c0a2b8bb56af3244af65ecfe37e7d5d",
    "https://bcr.bazel.build/modules/rules_license/1.0.0/MODULE.bazel": "a7fda60eefdf3d8c827262ba499957e4df06f659330bbe6cdbdb975b768bb65c",
    "https://bcr.bazel.build/modules/rules_license/1.0.0/source.json": "a52c89e54cc311196e478f8382df91c15f7a2bfdf4c6cd0e2675cc2ff0b56efb",
    "https://bcr.bazel.build/modules/rules_perl/0.2.4/MODULE.bazel": "5f5af7be4bf5fb88d91af7469518f0fd2161718aefc606188f7cd51f436ca938",
    "https://bcr.bazel.build/modules/rules_perl/0.2.4/source.json": "574317d6b3c7e4843fe611b76f15e62a1889949f5570702e1ee4ad335ea3c339",
    "https://bcr.bazel.build/modules/rules_pkg/0.7.0/MODULE.bazel": "df99f03fc7934a4737122518bb87e667e62d780b610910f0447665a7e2be62dc",
    "https://bcr.bazel.build/modules/rules_pkg/1.0.1/MODULE.bazel": "5b1df97dbc29623bccdf2b0dcd0f5cb08e2f2c9050aab1092fd39a41e82686ff",
    "https://bcr.bazel.build/modules/rules_pkg/1.0.1/source.json": "bd82e5d7b9ce2d31e380dd9f50c111d678c3bdaca190cb76b0e1c71b05e1ba8a",
    "https://bcr.bazel.build/modules/rules_proto/4.0.0/MODULE.bazel": "a7a7b6ce9bee418c1a760b3d84f83a299ad6952f9903c67f19e4edd964894e06",
    "https://bcr.bazel.build/modules/rules_proto/5.3.0-21.7/MODULE.bazel": "e8dff86b0971688790ae75528fe1813f71809b5afd57facb44dad9e8eca631b7",
    "https://bcr.bazel.build/modules/rules_proto/6.0.0-rc1/MODULE.bazel": "1e5b502e2e1a9e825eef74476a5a1ee524a92297085015a052510b09a1a09483",
    "https://bcr.bazel.build/modules/rules_proto/6.0.2/MODULE.bazel": "ce916b775a62b90b61888052a416ccdda405212b6aaeb39522f7dc53431a5e73",
    "https://bcr.bazel.build/modules/rules_proto/7.0.2/MODULE.bazel": "bf81793bd6d2ad89a37a40693e56c61b0ee30f7a7fdbaf3eabbf5f39de47dea2",
    "https://bcr.bazel.build/modules/rules_proto/7.0.2/source.json": "1e5e7260ae32ef4f2b52fd1d0de8d03b606a44c91b694d2f1afb1d3b28a48ce1",
    "https://bcr.bazel.build/modules/rules_python/0.10.2/MODULE.bazel": "cc82bc96f2997baa545ab3ce73f196d040ffb8756fd2d66125a530031cd90e5f",
    "https://bcr.bazel.build/modules/rules_python/0.23.1/MODULE.bazel": "49ffccf0511cb8414de28321f5fcf2a31312b47c40cc21577144b7447f2bf300",
    "https://bcr.bazel.build/modules/rules_python/0.25.0/MODULE.bazel": "72f1506841c920a1afec76975b35312410eea3aa7b63267436bfb1dd91d2d382",
    "https://bcr.bazel.build/modules/rules_python/0.27.1/MODULE.bazel": "65dc875cc1a06c30d5bbdba7ab021fd9e551a6579e408a3943a61303e2228a53",
    "https://bcr.bazel.build/modules/rules_python/0.28.0/MODULE.bazel": "cba2573d870babc976664a912539b320cbaa7114cd3e8f053c720171cde331ed",
    "https://bcr.bazel.build/modules/rules_python/0.31.0/MODULE.bazel": "93a43dc47ee570e6ec9f5779b2e64c1476a6ce921c48cc9a1678a91dd5f8fd58",
    "https://bcr.bazel.build/modules/rules_python/0.33.2/MODULE.bazel": "3e036c4ad8d804a4dad897d333d8dce200d943df4827cb849840055be8d2e937",
    "https://bcr.bazel.build/modules/rules_python/0.4.0/MODULE.bazel": "9208ee05fd48bf09ac60ed269791cf17fb343db56c8226a720fbb1cdf467166c",
    "https://bcr.bazel.build/modules/rules_python/0.40.0/MODULE.bazel": "9d1a3cd88ed7d8e39583d9ffe56ae8a244f67783ae89b60caafc9f5cf318ada7",
    "https://bcr.bazel.build/modules/rules_python/1.3.0/MODULE.bazel": "8361d57eafb67c09b75bf4bbe6be360e1b8f4f18118ab48037f2bd50aa2ccb13",
    "https://bcr.bazel.build/modules/rules_python/1.3.0/source.json": "25932f917cd279c7baefa6cb1d3fa8750a7a29de522024449b19af6eab51f4a0",
    "https://bcr.bazel.build/modules/rules_shell/0.2.0/MODULE.bazel": "fda8a652ab3c7d8fee214de05e7a9916d8b28082234e8d2c0094505c5268ed3c",
    "https://bcr.bazel.build/modules/rules_shell/0.3.0/MODULE.bazel": "de4402cd12f4cc8fda2354fce179fdb068c0b9ca1ec2d2b17b3e21b24c1a937b",
    "https://bcr.bazel.build/modules/rules_shell/0.3.0/source.json": "c55ed591aa5009401ddf80ded9762ac32c358d2517ee7820be981e2de9756cf3",
    "https://bcr.bazel.build/modules/rules_swift/1.16.0/MODULE.bazel": "4a09f199545a60d09895e8281362b1ff3bb08bbde69c6fc87aff5b92fcc916ca",
    "https://bcr.bazel.build/modules/rules_swift/2.4.0/MODULE.bazel": "1639617eb1ede28d774d967a738b4a68b0accb40650beadb57c21846beab5efd",
    "https://bcr.bazel.build/modules/rules_swift/3.0.2/MODULE.bazel": "1d05ce2a87f1fffc251638696d2266e5c80e343daeea133975126d8de1732f14",
    "https://bcr.bazel.build/modules/rules_swift/3.1.1/MODULE.bazel": "4f5a74a7b3204136abf986fd90330f95b78269cea9daa443e5f803e6d37b3771",
    "https://bcr.bazel.build/modules/rules_swift/3.3.0/MODULE.bazel": "2312874e04fe5f1623ec814df23a0f2f39c2613576af2884e971f3a08e5f0843",
    "https://bcr.bazel.build/modules/rules_swift/3.3.0/source.json": "d6b0e119e3627484a7806ebc8b2bc5e6f94fd5b12e354c1f6073b0657ea631a6",
    "https://bcr.bazel.build/modules/rules_xcodeproj/3.5.1/MODULE.bazel": "67e2d45e9746cd5edd44a5459010c1dca1c4dfbea09d16f9cdd2ebfc64b6c396",
    "https://bcr.bazel.build/modules/rules_xcodeproj/3.5.1/source.json": "4b909bc49e5f5c57f8edf17c8d01b990cb9852bfea54e7e31e2b690822c4cbe0",
    "https://bcr.bazel.build/modules/stardoc/0.5.1/MODULE.bazel": "1a05d92974d0c122f5ccf09291442580317cdd859f07a8655f1db9a60374f9f8",
    "https://bcr.bazel.build/modules/stardoc/0.5.3/MODULE.bazel": "c7f6948dae6999bf0db32c1858ae345f112cacf98f174c7a8bb707e41b974f1c",
    "https://bcr.bazel.build/modules/stardoc/0.5.6/MODULE.bazel": "c43dabc564990eeab55e25ed61c07a1aadafe9ece96a4efabb3f8bf9063b71ef",
    "https://bcr.bazel.build/modules/stardoc/0.7.0/MODULE.bazel": "05e3d6d30c099b6770e97da986c53bd31844d7f13d41412480ea265ac9e8079c",
    "https://bcr.bazel.build/modules/stardoc/0.7.1/MODULE.bazel": "3548faea4ee5dda5580f9af150e79d0f6aea934fc60c1cc50f4efdd9420759e7",
    "https://bcr.bazel.build/modules/stardoc/0.7.2/MODULE.bazel": "fc152419aa2ea0f51c29583fab1e8c99ddefd5b3778421845606ee628629e0e5",
    "https://bcr.bazel.build/modules/stardoc/0.7.2/source.json": "58b029e5e901d6802967754adf0a9056747e8176f017cfe3607c0851f4d42216",
    "https://bcr.bazel.build/modules/swift_argument_parser/1.3.1.1/MODULE.bazel": "5e463fbfba7b1701d957555ed45097d7f984211330106ccd1352c6e0af0dcf91",
    "https://bcr.bazel.build/modules/swift_argument_parser/1.3.1.2/MODULE.bazel": "75aab2373a4bbe2a1260b9bf2a1ebbdbf872d3bd36f80bff058dccd82e89422f",
    "https://bcr.bazel.build/modules/swift_argument_parser/1.3.1.2/source.json": "5fba48bbe0ba48761f9e9f75f92876cafb5d07c0ce059cc7a8027416de94a05b",
    "https://bcr.bazel.build/modules/upb/0.0.0-20220923-a547704/MODULE.bazel": "7298990c00040a0e2f121f6c32544bab27d4452f80d9ce51349b1a28f3005c43",
    "https://bcr.bazel.build/modules/upb/0.0.0-20230516-61a97ef/MODULE.bazel": "c0df5e35ad55e264160417fd0875932ee3c9dda63d9fccace35ac62f45e1b6f9",
    "https://bcr.bazel.build/modules/utf8proc/2.11.0/MODULE.bazel": "e3f80ea9347a38598f0f099ece8db7ef8a2582f16bcfa2ded6bed51d49f967d2",
    "https://bcr.bazel.build/modules/utf8proc/2.11.0/source.json": "4ff6d6a7b031111d20a5b712b3d78d9de74904cd75cd5b5556ef453df4496b1c",
    "https://bcr.bazel.build/modules/zlib/1.2.11/MODULE.bazel": "07b389abc85fdbca459b69e2ec656ae5622873af3f845e1c9d80fe179f3effa0",
    "https://bcr.bazel.build/modules/zlib/1.3.1.bcr.5/MODULE.bazel": "eec517b5bbe5492629466e11dae908d043364302283de25581e3eb944326c4ca",
    "https://bcr.bazel.build/modules/zlib/1.3.1.bcr.5/source.json": "22bc55c47af97246cfc093d0acf683a7869377de362b5d1c552c2c2e16b7a806",
    "https://bcr.bazel.build/modules/zlib/1.3.1/MODULE.bazel": "751c9940dcfe869f5f7274e1295422a34623555916eb98c174c1e945594bf198"
  },
  "selectedYankedVersions": {},
  "moduleExtensions": {
    "@@rules_kotlin+//src/main/starlark/core/repositories:bzlmod_setup.bzl%rules_kotlin_extensions": {
      "general": {
        "bzlTransitiveDigest": "rL/34P1aFDq2GqVC2zCFgQ8nTuOC6ziogocpvG50Qz8=",
        "usagesDigest": "QI2z8ZUR+mqtbwsf2fLqYdJAkPOHdOV+tF2yVAUgRzw=",
        "recordedFileInputs": {},
        "recordedDirentsInputs": {},
        "envVariables": {},
        "generatedRepoSpecs": {
          "com_github_jetbrains_kotlin_git": {
            "repoRuleId": "@@rules_kotlin+//src/main/starlark/core/repositories:compiler.bzl%kotlin_compiler_git_repository",
            "attributes": {
              "urls": [
                "https://github.com/JetBrains/kotlin/releases/download/v1.9.23/kotlin-compiler-1.9.23.zip"
              ],
              "sha256": "93137d3aab9afa9b27cb06a824c2324195c6b6f6179d8a8653f440f5bd58be88"
            }
          },
          "com_github_jetbrains_kotlin": {
            "repoRuleId": "@@rules_kotlin+//src/main/starlark/core/repositories:compiler.bzl%kotlin_capabilities_repository",
            "attributes": {
              "git_repository_name": "com_github_jetbrains_kotlin_git",
              "compiler_version": "1.9.23"
            }
          },
          "com_github_google_ksp": {
            "repoRuleId": "@@rules_kotlin+//src/main/starlark/core/repositories:ksp.bzl%ksp_compiler_plugin_repository",
            "attributes": {
              "urls": [
                "https://github.com/google/ksp/releases/download/1.9.23-1.0.20/artifacts.zip"
              ],
              "sha256": "ee0618755913ef7fd6511288a232e8fad24838b9af6ea73972a76e81053c8c2d",
              "strip_version": "1.9.23-1.0.20"
            }
          },
          "com_github_pinterest_ktlint": {
            "repoRuleId": "@@bazel_tools//tools/build_defs/repo:http.bzl%http_file",
            "attributes": {
              "sha256": "01b2e0ef893383a50dbeb13970fe7fa3be36ca3e83259e01649945b09d736985",
              "urls": [
                "https://github.com/pinterest/ktlint/releases/download/1.3.0/ktlint"
              ],
              "executable": true
            }
          },
          "rules_android": {
            "repoRuleId": "@@bazel_tools//tools/build_defs/repo:http.bzl%http_archive",
            "attributes": {
              "sha256": "cd06d15dd8bb59926e4d65f9003bfc20f9da4b2519985c27e190cddc8b7a7806",
              "strip_prefix": "rules_android-0.1.1",
              "urls": [
                "https://github.com/bazelbuild/rules_android/archive/v0.1.1.zip"
              ]
            }
          }
        },
        "recordedRepoMappingEntries": [
          [
            "rules_kotlin+",
            "bazel_tools",
            "bazel_tools"
          ]
        ]
      }
    },
    "@@rules_python+//python/uv:uv.bzl%uv": {
      "general": {
        "bzlTransitiveDigest": "Xpqjnjzy6zZ90Es9Wa888ZLHhn7IsNGbph/e6qoxzw8=",
        "usagesDigest": "vJ5RHUxAnV24M5swNGiAnkdxMx3Hp/iOLmNANTC5Xc8=",
        "recordedFileInputs": {},
        "recordedDirentsInputs": {},
        "envVariables": {},
        "generatedRepoSpecs": {
          "uv": {
            "repoRuleId": "@@rules_python+//python/uv/private:uv_toolchains_repo.bzl%uv_toolchains_repo",
            "attributes": {
              "toolchain_type": "'@@rules_python+//python/uv:uv_toolchain_type'",
              "toolchain_names": [
                "none"
              ],
              "toolchain_implementations": {
                "none": "'@@rules_python+//python:none'"
              },
              "toolchain_compatible_with": {
                "none": [
                  "@platforms//:incompatible"
                ]
              },
              "toolchain_target_settings": {}
            }
          }
        },
        "recordedRepoMappingEntries": [
          [
            "rules_python+",
            "platforms",
            "platforms"
          ]
        ]
      }
    }
  },
  "facts": {}
}
